
Microsoft Visual Studio Solution File, Format Version 12.00
# Visual Studio Express 2012 for Windows Desktop
Project("{FAE04EC0-301F-11D3-BF4B-00C04F79EFBC}") = "DeckSync", "DeckSync\DeckSync.csproj", "{DA7C7029-5A70-4C27-BE26-AB6C8D9434DC}"
EndProject
Global
	GlobalSection(SolutionConfigurationPlatforms) = preSolution
		Debug|Any CPU = Debug|Any CPU
		Release|Any CPU = Release|Any CPU
	EndGlobalSection
	GlobalSection(ProjectConfigurationPlatforms) = postSolution
		{DA7C7029-5A70-4C27-BE26-AB6C8D9434DC}.Debug|Any CPU.ActiveCfg = Debug|Any CPU
		{DA7C7029-5A70-4C27-BE26-AB6C8D9434DC}.Debug|Any CPU.Build.0 = Debug|Any CPU
		{DA7C7029-5A70-4C27-BE26-AB6C8D9434DC}.Release|Any CPU.ActiveCfg = Release|Any CPU
		{DA7C7029-5A70-4C27-BE26-AB6C8D9434DC}.Release|Any CPU.Build.0 = Release|Any CPU
	EndGlobalSection
	GlobalSection(SolutionProperties) = preSolution
		HideSolutionNode = FALSE
	EndGlobalSection
EndGlobal
